// !$*UTF8*$!
{
	archiveVersion = 1;
	classes = {
	};
	objectVersion = 46;
	objects = {

/* Begin PBXBuildFile section */
		950A80A11C02BADE002348A4 /* @2x_127.png in Resources */ = {isa = PBXBuildFile; fileRef = 950A809F1C02BADE002348A4 /* @2x_127.png */; settings = {ASSET_TAGS = (); }; };
		95BFC4E01BFEAB5700021E84 /* main.m in Sources */ = {isa = PBXBuildFile; fileRef = 95BFC4DF1BFEAB5700021E84 /* main.m */; };
		95BFC4E31BFEAB5700021E84 /* AppDelegate.m in Sources */ = {isa = PBXBuildFile; fileRef = 95BFC4E21BFEAB5700021E84 /* AppDelegate.m */; };
		95BFC4E61BFEAB5700021E84 /* ViewController.m in Sources */ = {isa = PBXBuildFile; fileRef = 95BFC4E51BFEAB5700021E84 /* ViewController.m */; };
		95BFC4E91BFEAB5700021E84 /* Main.storyboard in Resources */ = {isa = PBXBuildFile; fileRef = 95BFC4E71BFEAB5700021E84 /* Main.storyboard */; };
		95BFC4EB1BFEAB5700021E84 /* Assets.xcassets in Resources */ = {isa = PBXBuildFile; fileRef = 95BFC4EA1BFEAB5700021E84 /* Assets.xcassets */; };
		95BFC4EE1BFEAB5700021E84 /* LaunchScreen.storyboard in Resources */ = {isa = PBXBuildFile; fileRef = 95BFC4EC1BFEAB5700021E84 /* LaunchScreen.storyboard */; };
		95BFC4F91BFEAB5700021E84 /* __________Tests.m in Sources */ = {isa = PBXBuildFile; fileRef = 95BFC4F81BFEAB5700021E84 /* __________Tests.m */; };
		95BFC5041BFEAB5700021E84 /* __________UITests.m in Sources */ = {isa = PBXBuildFile; fileRef = 95BFC5031BFEAB5700021E84 /* __________UITests.m */; };
		95BFC5131BFEC11100021E84 /* Denglu.m in Sources */ = {isa = PBXBuildFile; fileRef = 95BFC5121BFEC11100021E84 /* Denglu.m */; };
		95BFC5161BFEC13C00021E84 /* Chaxun.m in Sources */ = {isa = PBXBuildFile; fileRef = 95BFC5151BFEC13C00021E84 /* Chaxun.m */; };
		95BFC5191BFEC17700021E84 /* Xiadan.m in Sources */ = {isa = PBXBuildFile; fileRef = 95BFC5181BFEC17700021E84 /* Xiadan.m */; };
		95BFC51C1BFEC1AB00021E84 /* Xuanze.m in Sources */ = {isa = PBXBuildFile; fileRef = 95BFC51B1BFEC1AB00021E84 /* Xuanze.m */; };
		D218E6DE1C02C37A007C3675 /* AFNetworking in Resources */ = {isa = PBXBuildFile; fileRef = D218E6DD1C02C37A007C3675 /* AFNetworking */; };
		D218E6E01C02C3A7007C3675 /* SBJSON in Resources */ = {isa = PBXBuildFile; fileRef = D218E6DF1C02C3A7007C3675 /* SBJSON */; };
/* End PBXBuildFile section */

/* Begin PBXContainerItemProxy section */
		95BFC4F51BFEAB5700021E84 /* PBXContainerItemProxy */ = {
			isa = PBXContainerItemProxy;
			containerPortal = 95BFC4D31BFEAB5700021E84 /* Project object */;
			proxyType = 1;
			remoteGlobalIDString = 95BFC4DA1BFEAB5700021E84;
			remoteInfo = "安邦盟信线上订单系统";
		};
		95BFC5001BFEAB5700021E84 /* PBXContainerItemProxy */ = {
			isa = PBXContainerItemProxy;
			containerPortal = 95BFC4D31BFEAB5700021E84 /* Project object */;
			proxyType = 1;
			remoteGlobalIDString = 95BFC4DA1BFEAB5700021E84;
			remoteInfo = "安邦盟信线上订单系统";
		};
/* End PBXContainerItemProxy section */

/* Begin PBXFileReference section */
		950A809F1C02BADE002348A4 /* @2x_127.png */ = {isa = PBXFileReference; lastKnownFileType = image.png; path = "@2x_127.png"; sourceTree = "<group>"; };
		95BFC4DB1BFEAB5700021E84 /* 安邦盟信线上订单系统.app */ = {isa = PBXFileReference; explicitFileType = wrapper.application; includeInIndex = 0; path = "安邦盟信线上订单系统.app"; sourceTree = BUILT_PRODUCTS_DIR; };
		95BFC4DF1BFEAB5700021E84 /* main.m */ = {isa = PBXFileReference; lastKnownFileType = sourcecode.c.objc; path = main.m; sourceTree = "<group>"; };
		95BFC4E11BFEAB5700021E84 /* AppDelegate.h */ = {isa = PBXFileReference; lastKnownFileType = sourcecode.c.h; path = AppDelegate.h; sourceTree = "<group>"; };
		95BFC4E21BFEAB5700021E84 /* AppDelegate.m */ = {isa = PBXFileReference; lastKnownFileType = sourcecode.c.objc; path = AppDelegate.m; sourceTree = "<group>"; };
		95BFC4E41BFEAB5700021E84 /* ViewController.h */ = {isa = PBXFileReference; lastKnownFileType = sourcecode.c.h; path = ViewController.h; sourceTree = "<group>"; };
		95BFC4E51BFEAB5700021E84 /* ViewController.m */ = {isa = PBXFileReference; lastKnownFileType = sourcecode.c.objc; path = ViewController.m; sourceTree = "<group>"; };
		95BFC4E81BFEAB5700021E84 /* Base */ = {isa = PBXFileReference; lastKnownFileType = file.storyboard; name = Base; path = Base.lproj/Main.storyboard; sourceTree = "<group>"; };
		95BFC4EA1BFEAB5700021E84 /* Assets.xcassets */ = {isa = PBXFileReference; lastKnownFileType = folder.assetcatalog; path = Assets.xcassets; sourceTree = "<group>"; };
		95BFC4ED1BFEAB5700021E84 /* Base */ = {isa = PBXFileReference; lastKnownFileType = file.storyboard; name = Base; path = Base.lproj/LaunchScreen.storyboard; sourceTree = "<group>"; };
		95BFC4EF1BFEAB5700021E84 /* Info.plist */ = {isa = PBXFileReference; lastKnownFileType = text.plist.xml; path = Info.plist; sourceTree = "<group>"; };
		95BFC4F41BFEAB5700021E84 /* 安邦盟信线上订单系统Tests.xctest */ = {isa = PBXFileReference; explicitFileType = wrapper.cfbundle; includeInIndex = 0; path = "安邦盟信线上订单系统Tests.xctest"; sourceTree = BUILT_PRODUCTS_DIR; };
		95BFC4F81BFEAB5700021E84 /* __________Tests.m */ = {isa = PBXFileReference; lastKnownFileType = sourcecode.c.objc; path = "__________Tests.m"; sourceTree = "<group>"; };
		95BFC4FA1BFEAB5700021E84 /* Info.plist */ = {isa = PBXFileReference; lastKnownFileType = text.plist.xml; path = Info.plist; sourceTree = "<group>"; };
		95BFC4FF1BFEAB5700021E84 /* 安邦盟信线上订单系统UITests.xctest */ = {isa = PBXFileReference; explicitFileType = wrapper.cfbundle; includeInIndex = 0; path = "安邦盟信线上订单系统UITests.xctest"; sourceTree = BUILT_PRODUCTS_DIR; };
		95BFC5031BFEAB5700021E84 /* __________UITests.m */ = {isa = PBXFileReference; lastKnownFileType = sourcecode.c.objc; path = "__________UITests.m"; sourceTree = "<group>"; };
		95BFC5051BFEAB5700021E84 /* Info.plist */ = {isa = PBXFileReference; lastKnownFileType = text.plist.xml; path = Info.plist; sourceTree = "<group>"; };
		95BFC5111BFEC11100021E84 /* Denglu.h */ = {isa = PBXFileReference; fileEncoding = 4; lastKnownFileType = sourcecode.c.h; path = Denglu.h; sourceTree = "<group>"; };
		95BFC5121BFEC11100021E84 /* Denglu.m */ = {isa = PBXFileReference; fileEncoding = 4; lastKnownFileType = sourcecode.c.objc; path = Denglu.m; sourceTree = "<group>"; };
		95BFC5141BFEC13C00021E84 /* Chaxun.h */ = {isa = PBXFileReference; fileEncoding = 4; lastKnownFileType = sourcecode.c.h; path = Chaxun.h; sourceTree = "<group>"; };
		95BFC5151BFEC13C00021E84 /* Chaxun.m */ = {isa = PBXFileReference; fileEncoding = 4; lastKnownFileType = sourcecode.c.objc; path = Chaxun.m; sourceTree = "<group>"; };
		95BFC5171BFEC17700021E84 /* Xiadan.h */ = {isa = PBXFileReference; fileEncoding = 4; lastKnownFileType = sourcecode.c.h; path = Xiadan.h; sourceTree = "<group>"; };
		95BFC5181BFEC17700021E84 /* Xiadan.m */ = {isa = PBXFileReference; fileEncoding = 4; lastKnownFileType = sourcecode.c.objc; path = Xiadan.m; sourceTree = "<group>"; };
		95BFC51A1BFEC1AB00021E84 /* Xuanze.h */ = {isa = PBXFileReference; fileEncoding = 4; lastKnownFileType = sourcecode.c.h; path = Xuanze.h; sourceTree = "<group>"; };
		95BFC51B1BFEC1AB00021E84 /* Xuanze.m */ = {isa = PBXFileReference; fileEncoding = 4; lastKnownFileType = sourcecode.c.objc; path = Xuanze.m; sourceTree = "<group>"; };
		D218E6DD1C02C37A007C3675 /* AFNetworking */ = {isa = PBXFileReference; lastKnownFileType = folder; path = AFNetworking; sourceTree = "<group>"; };
		D218E6DF1C02C3A7007C3675 /* SBJSON */ = {isa = PBXFileReference; lastKnownFileType = folder; path = SBJSON; sourceTree = "<group>"; };
/* End PBXFileReference section */

/* Begin PBXFrameworksBuildPhase section */
		95BFC4D81BFEAB5700021E84 /* Frameworks */ = {
			isa = PBXFrameworksBuildPhase;
			buildActionMask = 2147483647;
			files = (
			);
			runOnlyForDeploymentPostprocessing = 0;
		};
		95BFC4F11BFEAB5700021E84 /* Frameworks */ = {
			isa = PBXFrameworksBuildPhase;
			buildActionMask = 2147483647;
			files = (
			);
			runOnlyForDeploymentPostprocessing = 0;
		};
		95BFC4FC1BFEAB5700021E84 /* Frameworks */ = {
			isa = PBXFrameworksBuildPhase;
			buildActionMask = 2147483647;
			files = (
			);
			runOnlyForDeploymentPostprocessing = 0;
		};
/* End PBXFrameworksBuildPhase section */

/* Begin PBXGroup section */
		95BFC4D21BFEAB5700021E84 = {
			isa = PBXGroup;
			children = (
				95BFC4DD1BFEAB5700021E84 /* 安邦盟信线上订单系统 */,
				95BFC4F71BFEAB5700021E84 /* 安邦盟信线上订单系统Tests */,
				95BFC5021BFEAB5700021E84 /* 安邦盟信线上订单系统UITests */,
				95BFC4DC1BFEAB5700021E84 /* Products */,
			);
			sourceTree = "<group>";
		};
		95BFC4DC1BFEAB5700021E84 /* Products */ = {
			isa = PBXGroup;
			children = (
				95BFC4DB1BFEAB5700021E84 /* 安邦盟信线上订单系统.app */,
				95BFC4F41BFEAB5700021E84 /* 安邦盟信线上订单系统Tests.xctest */,
				95BFC4FF1BFEAB5700021E84 /* 安邦盟信线上订单系统UITests.xctest */,
			);
			name = Products;
			sourceTree = "<group>";
		};
		95BFC4DD1BFEAB5700021E84 /* 安邦盟信线上订单系统 */ = {
			isa = PBXGroup;
			children = (
				D218E6E21C02CC4B007C3675 /* view */,
				D218E6E11C02CC30007C3675 /* SDK */,
				95BFC4E71BFEAB5700021E84 /* Main.storyboard */,
				95BFC4EA1BFEAB5700021E84 /* Assets.xcassets */,
				950A809F1C02BADE002348A4 /* @2x_127.png */,
				95BFC4EC1BFEAB5700021E84 /* LaunchScreen.storyboard */,
				95BFC4EF1BFEAB5700021E84 /* Info.plist */,
				95BFC4DE1BFEAB5700021E84 /* Supporting Files */,
			);
			path = "安邦盟信线上订单系统";
			sourceTree = "<group>";
		};
		95BFC4DE1BFEAB5700021E84 /* Supporting Files */ = {
			isa = PBXGroup;
			children = (
				95BFC4DF1BFEAB5700021E84 /* main.m */,
			);
			name = "Supporting Files";
			sourceTree = "<group>";
		};
		95BFC4F71BFEAB5700021E84 /* 安邦盟信线上订单系统Tests */ = {
			isa = PBXGroup;
			children = (
				95BFC4F81BFEAB5700021E84 /* __________Tests.m */,
				95BFC4FA1BFEAB5700021E84 /* Info.plist */,
			);
			path = "安邦盟信线上订单系统Tests";
			sourceTree = "<group>";
		};
		95BFC5021BFEAB5700021E84 /* 安邦盟信线上订单系统UITests */ = {
			isa = PBXGroup;
			children = (
				95BFC5031BFEAB5700021E84 /* __________UITests.m */,
				95BFC5051BFEAB5700021E84 /* Info.plist */,
			);
			path = "安邦盟信线上订单系统UITests";
			sourceTree = "<group>";
		};
		D218E6E11C02CC30007C3675 /* SDK */ = {
			isa = PBXGroup;
			children = (
				D218E6DD1C02C37A007C3675 /* AFNetworking */,
				D218E6DF1C02C3A7007C3675 /* SBJSON */,
			);
			name = SDK;
			sourceTree = "<group>";
		};
		D218E6E21C02CC4B007C3675 /* view */ = {
			isa = PBXGroup;
			children = (
				95BFC4E11BFEAB5700021E84 /* AppDelegate.h */,
				95BFC4E21BFEAB5700021E84 /* AppDelegate.m */,
				95BFC4E41BFEAB5700021E84 /* ViewController.h */,
				95BFC4E51BFEAB5700021E84 /* ViewController.m */,
				95BFC5111BFEC11100021E84 /* Denglu.h */,
				95BFC5121BFEC11100021E84 /* Denglu.m */,
				95BFC5141BFEC13C00021E84 /* Chaxun.h */,
				95BFC5151BFEC13C00021E84 /* Chaxun.m */,
				95BFC5171BFEC17700021E84 /* Xiadan.h */,
				95BFC5181BFEC17700021E84 /* Xiadan.m */,
				95BFC51A1BFEC1AB00021E84 /* Xuanze.h */,
				95BFC51B1BFEC1AB00021E84 /* Xuanze.m */,
			);
			name = view;
			sourceTree = "<group>";
		};
/* End PBXGroup section */

/* Begin PBXNativeTarget section */
		95BFC4DA1BFEAB5700021E84 /* 安邦盟信线上订单系统 */ = {
			isa = PBXNativeTarget;
			buildConfigurationList = 95BFC5081BFEAB5700021E84 /* Build configuration list for PBXNativeTarget "安邦盟信线上订单系统" */;
			buildPhases = (
				95BFC4D71BFEAB5700021E84 /* Sources */,
				95BFC4D81BFEAB5700021E84 /* Frameworks */,
				95BFC4D91BFEAB5700021E84 /* Resources */,
			);
			buildRules = (
			);
			dependencies = (
			);
			name = "安邦盟信线上订单系统";
			productName = "安邦盟信线上订单系统";
			productReference = 95BFC4DB1BFEAB5700021E84 /* 安邦盟信线上订单系统.app */;
			productType = "com.apple.product-type.application";
		};
		95BFC4F31BFEAB5700021E84 /* 安邦盟信线上订单系统Tests */ = {
			isa = PBXNativeTarget;
			buildConfigurationList = 95BFC50B1BFEAB5700021E84 /* Build configuration list for PBXNativeTarget "安邦盟信线上订单系统Tests" */;
			buildPhases = (
				95BFC4F01BFEAB5700021E84 /* Sources */,
				95BFC4F11BFEAB5700021E84 /* Frameworks */,
				95BFC4F21BFEAB5700021E84 /* Resources */,
			);
			buildRules = (
			);
			dependencies = (
				95BFC4F61BFEAB5700021E84 /* PBXTargetDependency */,
			);
			name = "安邦盟信线上订单系统Tests";
			productName = "安邦盟信线上订单系统Tests";
			productReference = 95BFC4F41BFEAB5700021E84 /* 安邦盟信线上订单系统Tests.xctest */;
			productType = "com.apple.product-type.bundle.unit-test";
		};
		95BFC4FE1BFEAB5700021E84 /* 安邦盟信线上订单系统UITests */ = {
			isa = PBXNativeTarget;
			buildConfigurationList = 95BFC50E1BFEAB5700021E84 /* Build configuration list for PBXNativeTarget "安邦盟信线上订单系统UITests" */;
			buildPhases = (
				95BFC4FB1BFEAB5700021E84 /* Sources */,
				95BFC4FC1BFEAB5700021E84 /* Frameworks */,
				95BFC4FD1BFEAB5700021E84 /* Resources */,
			);
			buildRules = (
			);
			dependencies = (
				95BFC5011BFEAB5700021E84 /* PBXTargetDependency */,
			);
			name = "安邦盟信线上订单系统UITests";
			productName = "安邦盟信线上订单系统UITests";
			productReference = 95BFC4FF1BFEAB5700021E84 /* 安邦盟信线上订单系统UITests.xctest */;
			productType = "com.apple.product-type.bundle.ui-testing";
		};
/* End PBXNativeTarget section */

/* Begin PBXProject section */
		95BFC4D31BFEAB5700021E84 /* Project object */ = {
			isa = PBXProject;
			attributes = {
				LastUpgradeCheck = 0700;
				ORGANIZATIONNAME = sk;
				TargetAttributes = {
					95BFC4DA1BFEAB5700021E84 = {
						CreatedOnToolsVersion = 7.0.1;
					};
					95BFC4F31BFEAB5700021E84 = {
						CreatedOnToolsVersion = 7.0.1;
						TestTargetID = 95BFC4DA1BFEAB5700021E84;
					};
					95BFC4FE1BFEAB5700021E84 = {
						CreatedOnToolsVersion = 7.0.1;
						TestTargetID = 95BFC4DA1BFEAB5700021E84;
					};
				};
			};
			buildConfigurationList = 95BFC4D61BFEAB5700021E84 /* Build configuration list for PBXProject "安邦盟信线上订单系统" */;
			compatibilityVersion = "Xcode 3.2";
			developmentRegion = English;
			hasScannedForEncodings = 0;
			knownRegions = (
				en,
				Base,
			);
			mainGroup = 95BFC4D21BFEAB5700021E84;
			productRefGroup = 95BFC4DC1BFEAB5700021E84 /* Products */;
			projectDirPath = "";
			projectRoot = "";
			targets = (
				95BFC4DA1BFEAB5700021E84 /* 安邦盟信线上订单系统 */,
				95BFC4F31BFEAB5700021E84 /* 安邦盟信线上订单系统Tests */,
				95BFC4FE1BFEAB5700021E84 /* 安邦盟信线上订单系统UITests */,
			);
		};
/* End PBXProject section */

/* Begin PBXResourcesBuildPhase section */
		95BFC4D91BFEAB5700021E84 /* Resources */ = {
			isa = PBXResourcesBuildPhase;
			buildActionMask = 2147483647;
			files = (
				95BFC4EE1BFEAB5700021E84 /* LaunchScreen.storyboard in Resources */,
				95BFC4EB1BFEAB5700021E84 /* Assets.xcassets in Resources */,
				95BFC4E91BFEAB5700021E84 /* Main.storyboard in Resources */,

>>>>>>> origin/master
=======
>>>>>>> anbang
			);
			runOnlyForDeploymentPostprocessing = 0;
		};
		95BFC4F21BFEAB5700021E84 /* Resources */ = {
			isa = PBXResourcesBuildPhase;
			buildActionMask = 2147483647;
			files = (
			);
			runOnlyForDeploymentPostprocessing = 0;
		};
		95BFC4FD1BFEAB5700021E84 /* Resources */ = {
			isa = PBXResourcesBuildPhase;
			buildActionMask = 2147483647;
			files = (
			);
			runOnlyForDeploymentPostprocessing = 0;
		};
/* End PBXResourcesBuildPhase section */

/* Begin PBXSourcesBuildPhase section */
		95BFC4D71BFEAB5700021E84 /* Sources */ = {
			isa = PBXSourcesBuildPhase;
			buildActionMask = 2147483647;
			files = (
				95BFC4E61BFEAB5700021E84 /* ViewController.m in Sources */,
				95BFC4E31BFEAB5700021E84 /* AppDelegate.m in Sources */,
				95BFC51C1BFEC1AB00021E84 /* Xuanze.m in Sources */,
				95BFC5131BFEC11100021E84 /* Denglu.m in Sources */,
				95BFC5161BFEC13C00021E84 /* Chaxun.m in Sources */,
				95BFC5191BFEC17700021E84 /* Xiadan.m in Sources */,
				95BFC4E01BFEAB5700021E84 /* main.m in Sources */,
			);
			runOnlyForDeploymentPostprocessing = 0;
		};
		95BFC4F01BFEAB5700021E84 /* Sources */ = {
			isa = PBXSourcesBuildPhase;
			buildActionMask = 2147483647;
			files = (
				95BFC4F91BFEAB5700021E84 /* __________Tests.m in Sources */,
			);
			runOnlyForDeploymentPostprocessing = 0;
		};
		95BFC4FB1BFEAB5700021E84 /* Sources */ = {
			isa = PBXSourcesBuildPhase;
			buildActionMask = 2147483647;
			files = (
				95BFC5041BFEAB5700021E84 /* __________UITests.m in Sources */,
			);
			runOnlyForDeploymentPostprocessing = 0;
		};
/* End PBXSourcesBuildPhase section */

/* Begin PBXTargetDependency section */
		95BFC4F61BFEAB5700021E84 /* PBXTargetDependency */ = {
			isa = PBXTargetDependency;
			target = 95BFC4DA1BFEAB5700021E84 /* 安邦盟信线上订单系统 */;
			targetProxy = 95BFC4F51BFEAB5700021E84 /* PBXContainerItemProxy */;
		};
		95BFC5011BFEAB5700021E84 /* PBXTargetDependency */ = {
			isa = PBXTargetDependency;
			target = 95BFC4DA1BFEAB5700021E84 /* 安邦盟信线上订单系统 */;
			targetProxy = 95BFC5001BFEAB5700021E84 /* PBXContainerItemProxy */;
		};
/* End PBXTargetDependency section */

/* Begin PBXVariantGroup section */
		95BFC4E71BFEAB5700021E84 /* Main.storyboard */ = {
			isa = PBXVariantGroup;
			children = (
				95BFC4E81BFEAB5700021E84 /* Base */,
			);
			name = Main.storyboard;
			sourceTree = "<group>";
		};
		95BFC4EC1BFEAB5700021E84 /* LaunchScreen.storyboard */ = {
			isa = PBXVariantGroup;
			children = (
				95BFC4ED1BFEAB5700021E84 /* Base */,
			);
			name = LaunchScreen.storyboard;
			sourceTree = "<group>";
		};
/* End PBXVariantGroup section */

/* Begin XCBuildConfiguration section */
		95BFC5061BFEAB5700021E84 /* Debug */ = {
			isa = XCBuildConfiguration;
			buildSettings = {
				ALWAYS_SEARCH_USER_PATHS = NO;
				CLANG_CXX_LANGUAGE_STANDARD = "gnu++0x";
				CLANG_CXX_LIBRARY = "libc++";
				CLANG_ENABLE_MODULES = YES;
				CLANG_ENABLE_OBJC_ARC = YES;
				CLANG_WARN_BOOL_CONVERSION = YES;
				CLANG_WARN_CONSTANT_CONVERSION = YES;
				CLANG_WARN_DIRECT_OBJC_ISA_USAGE = YES_ERROR;
				CLANG_WARN_EMPTY_BODY = YES;
				CLANG_WARN_ENUM_CONVERSION = YES;
				CLANG_WARN_INT_CONVERSION = YES;
				CLANG_WARN_OBJC_ROOT_CLASS = YES_ERROR;
				CLANG_WARN_UNREACHABLE_CODE = YES;
				CLANG_WARN__DUPLICATE_METHOD_MATCH = YES;
				"CODE_SIGN_IDENTITY[sdk=iphoneos*]" = "iPhone Developer";
				COPY_PHASE_STRIP = NO;
				DEBUG_INFORMATION_FORMAT = dwarf;
				ENABLE_STRICT_OBJC_MSGSEND = YES;
				ENABLE_TESTABILITY = YES;
				GCC_C_LANGUAGE_STANDARD = gnu99;
				GCC_DYNAMIC_NO_PIC = NO;
				GCC_NO_COMMON_BLOCKS = YES;
				GCC_OPTIMIZATION_LEVEL = 0;
				GCC_PREPROCESSOR_DEFINITIONS = (
					"DEBUG=1",
					"$(inherited)",
				);
				GCC_WARN_64_TO_32_BIT_CONVERSION = YES;
				GCC_WARN_ABOUT_RETURN_TYPE = YES_ERROR;
				GCC_WARN_UNDECLARED_SELECTOR = YES;
				GCC_WARN_UNINITIALIZED_AUTOS = YES_AGGRESSIVE;
				GCC_WARN_UNUSED_FUNCTION = YES;
				GCC_WARN_UNUSED_VARIABLE = YES;
				IPHONEOS_DEPLOYMENT_TARGET = 9.0;
				MTL_ENABLE_DEBUG_INFO = YES;
				ONLY_ACTIVE_ARCH = YES;
				SDKROOT = iphoneos;
				TARGETED_DEVICE_FAMILY = "1,2";
			};
			name = Debug;
		};
		95BFC5071BFEAB5700021E84 /* Release */ = {
			isa = XCBuildConfiguration;
			buildSettings = {
				ALWAYS_SEARCH_USER_PATHS = NO;
				CLANG_CXX_LANGUAGE_STANDARD = "gnu++0x";
				CLANG_CXX_LIBRARY = "libc++";
				CLANG_ENABLE_MODULES = YES;
				CLANG_ENABLE_OBJC_ARC = YES;
				CLANG_WARN_BOOL_CONVERSION = YES;
				CLANG_WARN_CONSTANT_CONVERSION = YES;
				CLANG_WARN_DIRECT_OBJC_ISA_USAGE = YES_ERROR;
				CLANG_WARN_EMPTY_BODY = YES;
				CLANG_WARN_ENUM_CONVERSION = YES;
				CLANG_WARN_INT_CONVERSION = YES;
				CLANG_WARN_OBJC_ROOT_CLASS = YES_ERROR;
				CLANG_WARN_UNREACHABLE_CODE = YES;
				CLANG_WARN__DUPLICATE_METHOD_MATCH = YES;
				"CODE_SIGN_IDENTITY[sdk=iphoneos*]" = "iPhone Developer";
				COPY_PHASE_STRIP = NO;
				DEBUG_INFORMATION_FORMAT = "dwarf-with-dsym";
				ENABLE_NS_ASSERTIONS = NO;
				ENABLE_STRICT_OBJC_MSGSEND = YES;
				GCC_C_LANGUAGE_STANDARD = gnu99;
				GCC_NO_COMMON_BLOCKS = YES;
				GCC_WARN_64_TO_32_BIT_CONVERSION = YES;
				GCC_WARN_ABOUT_RETURN_TYPE = YES_ERROR;
				GCC_WARN_UNDECLARED_SELECTOR = YES;
				GCC_WARN_UNINITIALIZED_AUTOS = YES_AGGRESSIVE;
				GCC_WARN_UNUSED_FUNCTION = YES;
				GCC_WARN_UNUSED_VARIABLE = YES;
				IPHONEOS_DEPLOYMENT_TARGET = 9.0;
				MTL_ENABLE_DEBUG_INFO = NO;
				SDKROOT = iphoneos;
				TARGETED_DEVICE_FAMILY = "1,2";
				VALIDATE_PRODUCT = YES;
			};
			name = Release;
		};
		95BFC5091BFEAB5700021E84 /* Debug */ = {
			isa = XCBuildConfiguration;
			buildSettings = {
				ASSETCATALOG_COMPILER_APPICON_NAME = AppIcon;
				INFOPLIST_FILE = "安邦盟信线上订单系统/Info.plist";
				LD_RUNPATH_SEARCH_PATHS = "$(inherited) @executable_path/Frameworks";
				PRODUCT_BUNDLE_IDENTIFIER = "sk.----------";
				PRODUCT_NAME = "$(TARGET_NAME)";
			};
			name = Debug;
		};
		95BFC50A1BFEAB5700021E84 /* Release */ = {
			isa = XCBuildConfiguration;
			buildSettings = {
				ASSETCATALOG_COMPILER_APPICON_NAME = AppIcon;
				INFOPLIST_FILE = "安邦盟信线上订单系统/Info.plist";
				LD_RUNPATH_SEARCH_PATHS = "$(inherited) @executable_path/Frameworks";
				PRODUCT_BUNDLE_IDENTIFIER = "sk.----------";
				PRODUCT_NAME = "$(TARGET_NAME)";
			};
			name = Release;
		};
		95BFC50C1BFEAB5700021E84 /* Debug */ = {
			isa = XCBuildConfiguration;
			buildSettings = {
				BUNDLE_LOADER = "$(TEST_HOST)";
				INFOPLIST_FILE = "安邦盟信线上订单系统Tests/Info.plist";
				LD_RUNPATH_SEARCH_PATHS = "$(inherited) @executable_path/Frameworks @loader_path/Frameworks";
				PRODUCT_BUNDLE_IDENTIFIER = "sk.----------Tests";
				PRODUCT_NAME = "$(TARGET_NAME)";
				TEST_HOST = "$(BUILT_PRODUCTS_DIR)/安邦盟信线上订单系统.app/安邦盟信线上订单系统";
			};
			name = Debug;
		};
		95BFC50D1BFEAB5700021E84 /* Release */ = {
			isa = XCBuildConfiguration;
			buildSettings = {
				BUNDLE_LOADER = "$(TEST_HOST)";
				INFOPLIST_FILE = "安邦盟信线上订单系统Tests/Info.plist";
				LD_RUNPATH_SEARCH_PATHS = "$(inherited) @executable_path/Frameworks @loader_path/Frameworks";
				PRODUCT_BUNDLE_IDENTIFIER = "sk.----------Tests";
				PRODUCT_NAME = "$(TARGET_NAME)";
				TEST_HOST = "$(BUILT_PRODUCTS_DIR)/安邦盟信线上订单系统.app/安邦盟信线上订单系统";
			};
			name = Release;
		};
		95BFC50F1BFEAB5700021E84 /* Debug */ = {
			isa = XCBuildConfiguration;
			buildSettings = {
				INFOPLIST_FILE = "安邦盟信线上订单系统UITests/Info.plist";
				LD_RUNPATH_SEARCH_PATHS = "$(inherited) @executable_path/Frameworks @loader_path/Frameworks";
				PRODUCT_BUNDLE_IDENTIFIER = "sk.----------UITests";
				PRODUCT_NAME = "$(TARGET_NAME)";
				TEST_TARGET_NAME = "安邦盟信线上订单系统";
				USES_XCTRUNNER = YES;
			};
			name = Debug;
		};
		95BFC5101BFEAB5700021E84 /* Release */ = {
			isa = XCBuildConfiguration;
			buildSettings = {
				INFOPLIST_FILE = "安邦盟信线上订单系统UITests/Info.plist";
				LD_RUNPATH_SEARCH_PATHS = "$(inherited) @executable_path/Frameworks @loader_path/Frameworks";
				PRODUCT_BUNDLE_IDENTIFIER = "sk.----------UITests";
				PRODUCT_NAME = "$(TARGET_NAME)";
				TEST_TARGET_NAME = "安邦盟信线上订单系统";
				USES_XCTRUNNER = YES;
			};
			name = Release;
		};
/* End XCBuildConfiguration section */

/* Begin XCConfigurationList section */
		95BFC4D61BFEAB5700021E84 /* Build configuration list for PBXProject "安邦盟信线上订单系统" */ = {
			isa = XCConfigurationList;
			buildConfigurations = (
				95BFC5061BFEAB5700021E84 /* Debug */,
				95BFC5071BFEAB5700021E84 /* Release */,
			);
			defaultConfigurationIsVisible = 0;
			defaultConfigurationName = Release;
		};
		95BFC5081BFEAB5700021E84 /* Build configuration list for PBXNativeTarget "安邦盟信线上订单系统" */ = {
			isa = XCConfigurationList;
			buildConfigurations = (
				95BFC5091BFEAB5700021E84 /* Debug */,
				95BFC50A1BFEAB5700021E84 /* Release */,
			);
			defaultConfigurationIsVisible = 0;
			defaultConfigurationName = Release;
		};
		95BFC50B1BFEAB5700021E84 /* Build configuration list for PBXNativeTarget "安邦盟信线上订单系统Tests" */ = {
			isa = XCConfigurationList;
			buildConfigurations = (
				95BFC50C1BFEAB5700021E84 /* Debug */,
				95BFC50D1BFEAB5700021E84 /* Release */,
			);
			defaultConfigurationIsVisible = 0;
			defaultConfigurationName = Release;
		};
		95BFC50E1BFEAB5700021E84 /* Build configuration list for PBXNativeTarget "安邦盟信线上订单系统UITests" */ = {
			isa = XCConfigurationList;
			buildConfigurations = (
				95BFC50F1BFEAB5700021E84 /* Debug */,
				95BFC5101BFEAB5700021E84 /* Release */,
			);
			defaultConfigurationIsVisible = 0;
			defaultConfigurationName = Release;
		};
/* End XCConfigurationList section */
	};
	rootObject = 95BFC4D31BFEAB5700021E84 /* Project object */;
}
